
Microsoft Visual Studio Solution File, Format Version 12.00
# Visual Studio Version 16
VisualStudioVersion = 16.0.30320.27
MinimumVisualStudioVersion = 10.0.40219.1
Project("{FAE04EC0-301F-11D3-BF4B-00C04F79EFBC}") = "LATINMEX", "LATINMEX\LATINMEX.csproj", "{24BCD6A6-78A1-4E43-AACA-F3A3F0E3B3F3}"
EndProject
Global
	GlobalSection(SolutionConfigurationPlatforms) = preSolution
		Debug|Any CPU = Debug|Any CPU
		Release|Any CPU = Release|Any CPU
	EndGlobalSection
	GlobalSection(ProjectConfigurationPlatforms) = postSolution
		{24BCD6A6-78A1-4E43-AACA-F3A3F0E3B3F3}.Debug|Any CPU.ActiveCfg = Debug|Any CPU
		{24BCD6A6-78A1-4E43-AACA-F3A3F0E3B3F3}.Debug|Any CPU.Build.0 = Debug|Any CPU
		{24BCD6A6-78A1-4E43-AACA-F3A3F0E3B3F3}.Release|Any CPU.ActiveCfg = Release|Any CPU
		{24BCD6A6-78A1-4E43-AACA-F3A3F0E3B3F3}.Release|Any CPU.Build.0 = Release|Any CPU
	EndGlobalSection
	GlobalSection(SolutionProperties) = preSolution
		HideSolutionNode = FALSE
	EndGlobalSection
	GlobalSection(ExtensibilityGlobals) = postSolution
		SolutionGuid = {0688834A-4243-4133-9456-CD27E91F6E6F}
	EndGlobalSection
EndGlobal
